{
    "version": 3,
    "terraform_version": "0.11.1",
    "serial": 19,
    "lineage": "417a366f-e40c-4ec6-b136-48f7b0475b57",
    "modules": [
        {
            "path": [
                "root"
            ],
            "outputs": {
                "route53_zone_id": {
                    "sensitive": false,
                    "type": "string",
                    "value": "Z2QBKCDI4UPRIY"
                },
                "route53_zone_name": {
                    "sensitive": false,
                    "type": "string",
                    "value": "development.net"
                },
                "sg_id": {
                    "sensitive": false,
                    "type": "string",
                    "value": "sg-09feee92975777974"
                },
                "sg_name": {
                    "sensitive": false,
                    "type": "string",
                    "value": "office"
                },
                "subnet1_id": {
                    "sensitive": false,
                    "type": "string",
                    "value": "subnet-0b3be7bb410f3b206"
                },
                "subnet1_name": {
                    "sensitive": false,
                    "type": "string",
                    "value": "subnet_a"
                },
                "subnet2_id": {
                    "sensitive": false,
                    "type": "string",
                    "value": "subnet-0b348404f9e265a40"
                },
                "subnet2_name": {
                    "sensitive": false,
                    "type": "string",
                    "value": "subnet_a"
                },
                "vpc_id": {
                    "sensitive": false,
                    "type": "string",
                    "value": "vpc-0014d5891b5951082"
                },
                "vpc_name": {
                    "sensitive": false,
                    "type": "string",
                    "value": "vnet1"
                }
            },
            "resources": {
                "aws_internet_gateway.default": {
                    "type": "aws_internet_gateway",
                    "depends_on": [
                        "aws_vpc.default"
                    ],
                    "primary": {
                        "id": "igw-0b3005c7cf05db30f",
                        "attributes": {
                            "id": "igw-0b3005c7cf05db30f",
                            "tags.%": "1",
                            "tags.Name": "development01-gateway1",
                            "vpc_id": "vpc-0014d5891b5951082"
                        },
                        "meta": {},
                        "tainted": false
                    },
                    "deposed": [],
                    "provider": "provider.aws"
                },
                "aws_route.default": {
                    "type": "aws_route",
                    "depends_on": [
                        "aws_internet_gateway.default",
                        "data.aws_route_table.default"
                    ],
                    "primary": {
                        "id": "r-rtb-07831c865da8fc12e1080289494",
                        "attributes": {
                            "destination_cidr_block": "0.0.0.0/0",
                            "destination_prefix_list_id": "",
                            "egress_only_gateway_id": "",
                            "gateway_id": "igw-0b3005c7cf05db30f",
                            "id": "r-rtb-07831c865da8fc12e1080289494",
                            "instance_id": "",
                            "instance_owner_id": "",
                            "nat_gateway_id": "",
                            "network_interface_id": "",
                            "origin": "CreateRoute",
                            "route_table_id": "rtb-07831c865da8fc12e",
                            "state": "active",
                            "vpc_peering_connection_id": ""
                        },
                        "meta": {},
                        "tainted": false
                    },
                    "deposed": [],
                    "provider": "provider.aws"
                },
                "aws_route53_zone.development": {
                    "type": "aws_route53_zone",
                    "depends_on": [
                        "aws_vpc.default"
                    ],
                    "primary": {
                        "id": "Z2QBKCDI4UPRIY",
                        "attributes": {
                            "comment": "Managed by Terraform",
                            "force_destroy": "false",
                            "id": "Z2QBKCDI4UPRIY",
                            "name": "development.net",
                            "name_servers.#": "4",
                            "name_servers.0": "ns-0.awsdns-00.com.",
                            "name_servers.1": "ns-1024.awsdns-00.org.",
                            "name_servers.2": "ns-1536.awsdns-00.co.uk.",
                            "name_servers.3": "ns-512.awsdns-00.net.",
                            "tags.%": "1",
                            "tags.environment": "development",
                            "vpc_id": "vpc-0014d5891b5951082",
                            "vpc_region": "us-east-1",
                            "zone_id": "Z2QBKCDI4UPRIY"
                        },
                        "meta": {},
                        "tainted": false
                    },
                    "deposed": [],
                    "provider": "provider.aws"
                },
                "aws_security_group.default": {
                    "type": "aws_security_group",
                    "depends_on": [
                        "aws_vpc.default"
                    ],
                    "primary": {
                        "id": "sg-09feee92975777974",
                        "attributes": {
                            "description": "Allow ALL ports inside security group and port 22 from World",
                            "egress.#": "0",
                            "id": "sg-09feee92975777974",
                            "ingress.#": "1",
                            "ingress.2541437006.cidr_blocks.#": "1",
                            "ingress.2541437006.cidr_blocks.0": "0.0.0.0/0",
                            "ingress.2541437006.description": "",
                            "ingress.2541437006.from_port": "22",
                            "ingress.2541437006.ipv6_cidr_blocks.#": "0",
                            "ingress.2541437006.protocol": "tcp",
                            "ingress.2541437006.security_groups.#": "0",
                            "ingress.2541437006.self": "false",
                            "ingress.2541437006.to_port": "22",
                            "name": "development01-office",
                            "owner_id": "590282369079",
                            "revoke_rules_on_delete": "false",
                            "tags.%": "0",
                            "vpc_id": "vpc-0014d5891b5951082"
                        },
                        "meta": {
                            "schema_version": "1"
                        },
                        "tainted": false
                    },
                    "deposed": [],
                    "provider": "provider.aws"
                },
                "aws_subnet.subnet1": {
                    "type": "aws_subnet",
                    "depends_on": [
                        "aws_vpc.default"
                    ],
                    "primary": {
                        "id": "subnet-0b3be7bb410f3b206",
                        "attributes": {
                            "assign_ipv6_address_on_creation": "false",
                            "availability_zone": "us-east-1a",
                            "cidr_block": "192.168.1.0/24",
                            "id": "subnet-0b3be7bb410f3b206",
                            "map_public_ip_on_launch": "false",
                            "tags.%": "1",
                            "tags.Name": "development01-subnet_a",
                            "vpc_id": "vpc-0014d5891b5951082"
                        },
                        "meta": {
                            "schema_version": "1"
                        },
                        "tainted": false
                    },
                    "deposed": [],
                    "provider": "provider.aws"
                },
                "aws_subnet.subnet2": {
                    "type": "aws_subnet",
                    "depends_on": [
                        "aws_vpc.default"
                    ],
                    "primary": {
                        "id": "subnet-0b348404f9e265a40",
                        "attributes": {
                            "assign_ipv6_address_on_creation": "false",
                            "availability_zone": "us-east-1b",
                            "cidr_block": "192.168.2.0/24",
                            "id": "subnet-0b348404f9e265a40",
                            "map_public_ip_on_launch": "false",
                            "tags.%": "1",
                            "tags.Name": "development01-subnet_a",
                            "vpc_id": "vpc-0014d5891b5951082"
                        },
                        "meta": {
                            "schema_version": "1"
                        },
                        "tainted": false
                    },
                    "deposed": [],
                    "provider": "provider.aws"
                },
                "aws_vpc.default": {
                    "type": "aws_vpc",
                    "depends_on": [],
                    "primary": {
                        "id": "vpc-0014d5891b5951082",
                        "attributes": {
                            "assign_generated_ipv6_cidr_block": "false",
                            "cidr_block": "192.168.0.0/16",
                            "default_network_acl_id": "acl-0b9b7a00dd68ad313",
                            "default_route_table_id": "rtb-07831c865da8fc12e",
                            "default_security_group_id": "sg-068cbcb5bbf5188a2",
                            "dhcp_options_id": "dopt-bad2b1c2",
                            "enable_classiclink": "false",
                            "enable_classiclink_dns_support": "false",
                            "enable_dns_hostnames": "true",
                            "enable_dns_support": "true",
                            "id": "vpc-0014d5891b5951082",
                            "instance_tenancy": "default",
                            "main_route_table_id": "rtb-07831c865da8fc12e",
                            "tags.%": "2",
                            "tags.Name": "development01-vnet1",
                            "tags.environment": "development01"
                        },
                        "meta": {
                            "schema_version": "1"
                        },
                        "tainted": false
                    },
                    "deposed": [],
                    "provider": "provider.aws"
                },
                "data.aws_route_table.default": {
                    "type": "aws_route_table",
                    "depends_on": [
                        "aws_vpc.default"
                    ],
                    "primary": {
                        "id": "rtb-07831c865da8fc12e",
                        "attributes": {
                            "associations.#": "1",
                            "associations.0.main": "true",
                            "associations.0.route_table_association_id": "rtbassoc-05bfe640db3ca03bc",
                            "associations.0.route_table_id": "rtb-07831c865da8fc12e",
                            "associations.0.subnet_id": "",
                            "id": "rtb-07831c865da8fc12e",
                            "route_table_id": "rtb-07831c865da8fc12e",
                            "routes.#": "0",
                            "tags.%": "0",
                            "vpc_id": "vpc-0014d5891b5951082"
                        },
                        "meta": {},
                        "tainted": false
                    },
                    "deposed": [],
                    "provider": "provider.aws"
                }
            },
            "depends_on": []
        }
    ]
}
