{
    "version": 3,
    "terraform_version": "0.11.1",
    "serial": 48,
    "lineage": "82bdd935-506a-422d-a3ca-c99fdffa514a",
    "modules": [
        {
            "path": [
                "root"
            ],
            "outputs": {
                "asg_name": {
                    "sensitive": false,
                    "type": "string",
                    "value": "development01-asg-proxy"
                },
                "launch_configuration_name": {
                    "sensitive": false,
                    "type": "string",
                    "value": "development01-lc-proxy-20180224214426884100000001"
                },
                "security_group_id": {
                    "sensitive": false,
                    "type": "string",
                    "value": "sg-06a0377fee1e0d8dd"
                },
                "security_group_name": {
                    "sensitive": false,
                    "type": "string",
                    "value": "development01-proxy"
                }
            },
            "resources": {
                "aws_autoscaling_group.default": {
                    "type": "aws_autoscaling_group",
                    "depends_on": [
                        "aws_launch_configuration.default"
                    ],
                    "primary": {
                        "id": "development01-asg-proxy",
                        "attributes": {
                            "arn": "arn:aws:autoscaling:us-east-1:590282369079:autoScalingGroup:fed7e483-54fd-446e-8549-7d3b8917e7ca:autoScalingGroupName/development01-asg-proxy",
                            "availability_zones.#": "2",
                            "availability_zones.1305112097": "us-east-1b",
                            "availability_zones.3569565595": "us-east-1a",
                            "default_cooldown": "300",
                            "desired_capacity": "1",
                            "force_delete": "false",
                            "health_check_grace_period": "300",
                            "health_check_type": "EC2",
                            "id": "development01-asg-proxy",
                            "launch_configuration": "development01-lc-proxy-20180224214426884100000001",
                            "load_balancers.#": "0",
                            "max_size": "1",
                            "metrics_granularity": "1Minute",
                            "min_size": "1",
                            "name": "development01-asg-proxy",
                            "placement_group": "",
                            "protect_from_scale_in": "false",
                            "suspended_processes.#": "0",
                            "tag.#": "2",
                            "tag.3205274808.key": "Name",
                            "tag.3205274808.propagate_at_launch": "true",
                            "tag.3205274808.value": "development01-proxy-lin64",
                            "tag.3957376287.key": "environment",
                            "tag.3957376287.propagate_at_launch": "true",
                            "tag.3957376287.value": "development01",
                            "target_group_arns.#": "0",
                            "termination_policies.#": "0",
                            "vpc_zone_identifier.#": "2",
                            "vpc_zone_identifier.3004828950": "subnet-0b3be7bb410f3b206",
                            "vpc_zone_identifier.3578735663": "subnet-0b348404f9e265a40",
                            "wait_for_capacity_timeout": "10m"
                        },
                        "meta": {
                            "e2bfb730-ecaa-11e6-8f88-34363bc7c4c0": {
                                "delete": 600000000000
                            }
                        },
                        "tainted": false
                    },
                    "deposed": [],
                    "provider": "provider.aws"
                },
                "aws_launch_configuration.default": {
                    "type": "aws_launch_configuration",
                    "depends_on": [
                        "aws_security_group.default"
                    ],
                    "primary": {
                        "id": "development01-lc-proxy-20180224214426884100000001",
                        "attributes": {
                            "associate_public_ip_address": "true",
                            "ebs_block_device.#": "0",
                            "ebs_optimized": "false",
                            "enable_monitoring": "false",
                            "ephemeral_block_device.#": "0",
                            "iam_instance_profile": "",
                            "id": "development01-lc-proxy-20180224214426884100000001",
                            "image_id": "ami-4bf3d731",
                            "instance_type": "t2.micro",
                            "key_name": "gp42.aws2.root201802",
                            "name": "development01-lc-proxy-20180224214426884100000001",
                            "name_prefix": "development01-lc-proxy-",
                            "root_block_device.#": "1",
                            "root_block_device.0.delete_on_termination": "true",
                            "root_block_device.0.iops": "0",
                            "root_block_device.0.volume_size": "8",
                            "root_block_device.0.volume_type": "gp2",
                            "security_groups.#": "2",
                            "security_groups.193761768": "sg-09feee92975777974",
                            "security_groups.2158165773": "sg-06a0377fee1e0d8dd",
                            "spot_price": "",
                            "user_data": "c5d324dc11a37f3f87e232fc4255d3234322de5e",
                            "vpc_classic_link_id": "",
                            "vpc_classic_link_security_groups.#": "0"
                        },
                        "meta": {},
                        "tainted": false
                    },
                    "deposed": [],
                    "provider": "provider.aws"
                },
                "aws_security_group.default": {
                    "type": "aws_security_group",
                    "depends_on": [],
                    "primary": {
                        "id": "sg-06a0377fee1e0d8dd",
                        "attributes": {
                            "description": "Security group for proxy service",
                            "egress.#": "1",
                            "egress.753360330.cidr_blocks.#": "0",
                            "egress.753360330.description": "",
                            "egress.753360330.from_port": "0",
                            "egress.753360330.ipv6_cidr_blocks.#": "0",
                            "egress.753360330.prefix_list_ids.#": "0",
                            "egress.753360330.protocol": "-1",
                            "egress.753360330.security_groups.#": "0",
                            "egress.753360330.self": "true",
                            "egress.753360330.to_port": "0",
                            "id": "sg-06a0377fee1e0d8dd",
                            "ingress.#": "2",
                            "ingress.2214680975.cidr_blocks.#": "1",
                            "ingress.2214680975.cidr_blocks.0": "0.0.0.0/0",
                            "ingress.2214680975.description": "",
                            "ingress.2214680975.from_port": "80",
                            "ingress.2214680975.ipv6_cidr_blocks.#": "0",
                            "ingress.2214680975.protocol": "tcp",
                            "ingress.2214680975.security_groups.#": "0",
                            "ingress.2214680975.self": "false",
                            "ingress.2214680975.to_port": "80",
                            "ingress.2617001939.cidr_blocks.#": "1",
                            "ingress.2617001939.cidr_blocks.0": "0.0.0.0/0",
                            "ingress.2617001939.description": "",
                            "ingress.2617001939.from_port": "443",
                            "ingress.2617001939.ipv6_cidr_blocks.#": "0",
                            "ingress.2617001939.protocol": "tcp",
                            "ingress.2617001939.security_groups.#": "0",
                            "ingress.2617001939.self": "false",
                            "ingress.2617001939.to_port": "443",
                            "name": "development01-proxy",
                            "owner_id": "590282369079",
                            "revoke_rules_on_delete": "false",
                            "tags.%": "0",
                            "vpc_id": "vpc-0014d5891b5951082"
                        },
                        "meta": {
                            "schema_version": "1"
                        },
                        "tainted": false
                    },
                    "deposed": [],
                    "provider": "provider.aws"
                }
            },
            "depends_on": []
        }
    ]
}
